# THIS IS AN AUTOGENERATED FILE. DO NOT EDIT THIS FILE DIRECTLY.
# yarn lockfile v1


charenc@~0.0.1:
  version "0.0.1"
  resolved "https://registry.yarnpkg.com/charenc/-/charenc-0.0.1.tgz#004cff9feaf102382ed12db58dd6f962796d6e88"

crypt@~0.0.1:
  version "0.0.1"
  resolved "https://registry.yarnpkg.com/crypt/-/crypt-0.0.1.tgz#5f11b21a6c05ef1b5e79708366da6374ece1e6a2"

immutable@^3.8.1:
  version "3.8.1"
  resolved "https://registry.yarnpkg.com/immutable/-/immutable-3.8.1.tgz#200807f11ab0f72710ea485542de088075f68cd2"

is-buffer@~1.1.1:
  version "1.1.4"
  resolved "https://registry.yarnpkg.com/is-buffer/-/is-buffer-1.1.4.tgz#cfc86ccd5dc5a52fa80489111c6920c457e2d98b"

kefir@^3.6.1:
  version "3.6.1"
  resolved "https://registry.yarnpkg.com/kefir/-/kefir-3.6.1.tgz#f4cd9d2acf972a71f2ec99fff4e02e9ef3c33ebf"
  dependencies:
    symbol-observable "^1.0.1"

md5@^2.2.1:
  version "2.2.1"
  resolved "https://registry.yarnpkg.com/md5/-/md5-2.2.1.tgz#53ab38d5fe3c8891ba465329ea23fac0540126f9"
  dependencies:
    charenc "~0.0.1"
    crypt "~0.0.1"
    is-buffer "~1.1.1"

nan@>=2.0.0:
  version "2.5.0"
  resolved "https://registry.yarnpkg.com/nan/-/nan-2.5.0.tgz#aa8f1e34531d807e9e27755b234b4a6ec0c152a8"

ramda@^0.22.1:
  version "0.22.1"
  resolved "https://registry.yarnpkg.com/ramda/-/ramda-0.22.1.tgz#031da0c3df417c5b33c96234757eb37033f36a0e"

sleep@^5.0.0:
  version "5.0.0"
  resolved "https://registry.yarnpkg.com/sleep/-/sleep-5.0.0.tgz#565d29a1ded05290180b571643d2ea794025b5ef"
  dependencies:
    nan ">=2.0.0"

symbol-observable@^1.0.1:
  version "1.0.4"
  resolved "https://registry.yarnpkg.com/symbol-observable/-/symbol-observable-1.0.4.tgz#29bf615d4aa7121bdd898b22d4b3f9bc4e2aa03d"
